---

- name: RedHat - install yum-version-lock
  yum:
    name: yum-plugin-versionlock
    state: present
    update_cache: true

- name: RedHat - lock kibana version
  shell: yum versionlock delete 0:kibana* ; yum versionlock add kibana{% if kibana_version is defined and kibana_version != "" %}-{{ kibana_version }}{% endif %}
  tags: skip_ansible_lint
